{
  "name": "practice-typescript",
  "version": "1.0.0",
  "lockfileVersion": 1,
  "requires": true,
  "dependencies": {
    "@rauschma/stringio": {
      "version": "1.4.0",
      "resolved": "https://registry.npmjs.org/@rauschma/stringio/-/stringio-1.4.0.tgz",
      "integrity": "sha512-3uor2f/MXZkmX5RJf8r+OC3WvZVzpSme0yyL0rQDPEnatE02qRcqwEwnsgpgriEck0S/n4vWtUd6tTtrJwk45Q==",
      "requires": {
        "@types/node": "^10.0.3"
      },
      "dependencies": {
        "@types/node": {
          "version": "10.17.60",
          "resolved": "https://registry.npmjs.org/@types/node/-/node-10.17.60.tgz",
          "integrity": "sha512-F0KIgDJfy2nA3zMLmWGKxcH2ZVEtCZXHHdOQs2gSaQ27+lNeEfGxzkIw90aXswATX7AZ33tahPbzy6KAfUreVw=="
        }
      }
    },
    "@types/node": {
      "version": "18.11.17",
      "resolved": "https://registry.npmjs.org/@types/node/-/node-18.11.17.tgz",
      "integrity": "sha512-HJSUJmni4BeDHhfzn6nF0sVmd1SMezP7/4F0Lq+aXzmp2xm9O7WXrUtHW/CHlYVtZUbByEvWidHqRtcJXGF2Ng=="
    },
    "node-ts": {
      "version": "5.1.2",
      "resolved": "https://registry.npmjs.org/node-ts/-/node-ts-5.1.2.tgz",
      "integrity": "sha512-ihRzS31ZbknFzXFkF4j9R3HJV1cRPTjyYzeRaEFyXv5DhWKGD+QNTJ+My5WiOc0kozEPjwRBsKh+g92hPyTNnQ==",
      "requires": {
        "@rauschma/stringio": "^1.4.0",
        "@types/node": "^16.4.13"
      },
      "dependencies": {
        "@types/node": {
          "version": "16.18.10",
          "resolved": "https://registry.npmjs.org/@types/node/-/node-16.18.10.tgz",
          "integrity": "sha512-XU1+v7h81p7145ddPfjv7jtWvkSilpcnON3mQ+bDi9Yuf7OI56efOglXRyXWgQ57xH3fEQgh7WOJMncRHVew5w=="
        }
      }
    },
    "typescript": {
      "version": "4.9.3",
      "resolved": "https://registry.npmjs.org/typescript/-/typescript-4.9.3.tgz",
      "integrity": "sha512-CIfGzTelbKNEnLpLdGFgdyKhG23CKdKgQPOBc+OUNrkJ2vr+KSzsSV5kq5iWhEQbok+quxgGzrAtGWCyU7tHnA==",
      "dev": true
    }
  }
}
